// !$*UTF8*$!
{
	archiveVersion = 1;
	classes = {
	};
	objectVersion = 56;
	objects = {

/* Begin PBXBuildFile section */
		C800225629BAE54A000874E3 /* AppDelegate.swift in Sources */ = {isa = PBXBuildFile; fileRef = C800225529BAE54A000874E3 /* AppDelegate.swift */; };
		C800225829BAE54A000874E3 /* SceneDelegate.swift in Sources */ = {isa = PBXBuildFile; fileRef = C800225729BAE54A000874E3 /* SceneDelegate.swift */; };
		C800225A29BAE54A000874E3 /* ViewController.swift in Sources */ = {isa = PBXBuildFile; fileRef = C800225929BAE54A000874E3 /* ViewController.swift */; };
		C800225D29BAE54A000874E3 /* Main.storyboard in Resources */ = {isa = PBXBuildFile; fileRef = C800225B29BAE54A000874E3 /* Main.storyboard */; };
		C800226029BAE54A000874E3 /* MVVM_Weather.xcdatamodeld in Sources */ = {isa = PBXBuildFile; fileRef = C800225E29BAE54A000874E3 /* MVVM_Weather.xcdatamodeld */; };
		C800226229BAE54B000874E3 /* Assets.xcassets in Resources */ = {isa = PBXBuildFile; fileRef = C800226129BAE54B000874E3 /* Assets.xcassets */; };
		C800226529BAE54B000874E3 /* LaunchScreen.storyboard in Resources */ = {isa = PBXBuildFile; fileRef = C800226329BAE54B000874E3 /* LaunchScreen.storyboard */; };
		C800227629BAE826000874E3 /* WeatherDTO.swift in Sources */ = {isa = PBXBuildFile; fileRef = C800227529BAE826000874E3 /* WeatherDTO.swift */; };
		C800227829BAE887000874E3 /* APIManagerType.swift in Sources */ = {isa = PBXBuildFile; fileRef = C800227729BAE887000874E3 /* APIManagerType.swift */; };
		C800227A29BAE88E000874E3 /* APIManager.swift in Sources */ = {isa = PBXBuildFile; fileRef = C800227929BAE88E000874E3 /* APIManager.swift */; };
		C800227C29BAE89A000874E3 /* WeatherViewController.swift in Sources */ = {isa = PBXBuildFile; fileRef = C800227B29BAE89A000874E3 /* WeatherViewController.swift */; };
/* End PBXBuildFile section */

/* Begin PBXFileReference section */
		C800225229BAE54A000874E3 /* MVVM_Weather.app */ = {isa = PBXFileReference; explicitFileType = wrapper.application; includeInIndex = 0; path = MVVM_Weather.app; sourceTree = BUILT_PRODUCTS_DIR; };
		C800225529BAE54A000874E3 /* AppDelegate.swift */ = {isa = PBXFileReference; lastKnownFileType = sourcecode.swift; path = AppDelegate.swift; sourceTree = "<group>"; };
		C800225729BAE54A000874E3 /* SceneDelegate.swift */ = {isa = PBXFileReference; lastKnownFileType = sourcecode.swift; path = SceneDelegate.swift; sourceTree = "<group>"; };
		C800225929BAE54A000874E3 /* ViewController.swift */ = {isa = PBXFileReference; lastKnownFileType = sourcecode.swift; path = ViewController.swift; sourceTree = "<group>"; };
		C800225C29BAE54A000874E3 /* Base */ = {isa = PBXFileReference; lastKnownFileType = file.storyboard; name = Base; path = Base.lproj/Main.storyboard; sourceTree = "<group>"; };
		C800225F29BAE54A000874E3 /* MVVM_Weather.xcdatamodel */ = {isa = PBXFileReference; lastKnownFileType = wrapper.xcdatamodel; path = MVVM_Weather.xcdatamodel; sourceTree = "<group>"; };
		C800226129BAE54B000874E3 /* Assets.xcassets */ = {isa = PBXFileReference; lastKnownFileType = folder.assetcatalog; path = Assets.xcassets; sourceTree = "<group>"; };
		C800226429BAE54B000874E3 /* Base */ = {isa = PBXFileReference; lastKnownFileType = file.storyboard; name = Base; path = Base.lproj/LaunchScreen.storyboard; sourceTree = "<group>"; };
		C800226629BAE54B000874E3 /* Info.plist */ = {isa = PBXFileReference; lastKnownFileType = text.plist.xml; path = Info.plist; sourceTree = "<group>"; };
		C800227529BAE826000874E3 /* WeatherDTO.swift */ = {isa = PBXFileReference; lastKnownFileType = sourcecode.swift; path = WeatherDTO.swift; sourceTree = "<group>"; };
		C800227729BAE887000874E3 /* APIManagerType.swift */ = {isa = PBXFileReference; lastKnownFileType = sourcecode.swift; path = APIManagerType.swift; sourceTree = "<group>"; };
		C800227929BAE88E000874E3 /* APIManager.swift */ = {isa = PBXFileReference; lastKnownFileType = sourcecode.swift; path = APIManager.swift; sourceTree = "<group>"; };
		C800227B29BAE89A000874E3 /* WeatherViewController.swift */ = {isa = PBXFileReference; lastKnownFileType = sourcecode.swift; path = WeatherViewController.swift; sourceTree = "<group>"; };
/* End PBXFileReference section */

/* Begin PBXFrameworksBuildPhase section */
		C800224F29BAE54A000874E3 /* Frameworks */ = {
			isa = PBXFrameworksBuildPhase;
			buildActionMask = 2147483647;
			files = (
			);
			runOnlyForDeploymentPostprocessing = 0;
		};
/* End PBXFrameworksBuildPhase section */

/* Begin PBXGroup section */
		C800224929BAE54A000874E3 = {
			isa = PBXGroup;
			children = (
				C800225429BAE54A000874E3 /* MVVM_Weather */,
				C800225329BAE54A000874E3 /* Products */,
			);
			sourceTree = "<group>";
		};
		C800225329BAE54A000874E3 /* Products */ = {
			isa = PBXGroup;
			children = (
				C800225229BAE54A000874E3 /* MVVM_Weather.app */,
			);
			name = Products;
			sourceTree = "<group>";
		};
		C800225429BAE54A000874E3 /* MVVM_Weather */ = {
			isa = PBXGroup;
			children = (
				C800226C29BAE594000874E3 /* Model */,
				C800226D29BAE71B000874E3 /* Util */,
				C800226F29BAE72A000874E3 /* Service */,
				C800227029BAE730000874E3 /* Presenters */,
				C800227329BAE776000874E3 /* Resource */,
				C800227429BAE77C000874E3 /* App */,
				C800225E29BAE54A000874E3 /* MVVM_Weather.xcdatamodeld */,
			);
			path = MVVM_Weather;
			sourceTree = "<group>";
		};
		C800226C29BAE594000874E3 /* Model */ = {
			isa = PBXGroup;
			children = (
				C800227529BAE826000874E3 /* WeatherDTO.swift */,
			);
			path = Model;
			sourceTree = "<group>";
		};
		C800226D29BAE71B000874E3 /* Util */ = {
			isa = PBXGroup;
			children = (
				C800226E29BAE723000874E3 /* Extention */,
			);
			path = Util;
			sourceTree = "<group>";
		};
		C800226E29BAE723000874E3 /* Extention */ = {
			isa = PBXGroup;
			children = (
			);
			path = Extention;
			sourceTree = "<group>";
		};
		C800226F29BAE72A000874E3 /* Service */ = {
			isa = PBXGroup;
			children = (
				C800227729BAE887000874E3 /* APIManagerType.swift */,
				C800227929BAE88E000874E3 /* APIManager.swift */,
			);
			path = Service;
			sourceTree = "<group>";
		};
		C800227029BAE730000874E3 /* Presenters */ = {
			isa = PBXGroup;
			children = (
				C800227129BAE732000874E3 /* View */,
				C800227229BAE734000874E3 /* ViewModel */,
			);
			path = Presenters;
			sourceTree = "<group>";
		};
		C800227129BAE732000874E3 /* View */ = {
			isa = PBXGroup;
			children = (
				C800227B29BAE89A000874E3 /* WeatherViewController.swift */,
			);
			path = View;
			sourceTree = "<group>";
		};
		C800227229BAE734000874E3 /* ViewModel */ = {
			isa = PBXGroup;
			children = (
			);
			path = ViewModel;
			sourceTree = "<group>";
		};
		C800227329BAE776000874E3 /* Resource */ = {
			isa = PBXGroup;
			children = (
				C800226129BAE54B000874E3 /* Assets.xcassets */,
				C800226629BAE54B000874E3 /* Info.plist */,
			);
			path = Resource;
			sourceTree = "<group>";
		};
		C800227429BAE77C000874E3 /* App */ = {
			isa = PBXGroup;
			children = (
				C800225529BAE54A000874E3 /* AppDelegate.swift */,
				C800225729BAE54A000874E3 /* SceneDelegate.swift */,
				C800225929BAE54A000874E3 /* ViewController.swift */,
				C800226329BAE54B000874E3 /* LaunchScreen.storyboard */,
				C800225B29BAE54A000874E3 /* Main.storyboard */,
			);
			path = App;
			sourceTree = "<group>";
		};
/* End PBXGroup section */

/* Begin PBXNativeTarget section */
		C800225129BAE54A000874E3 /* MVVM_Weather */ = {
			isa = PBXNativeTarget;
			buildConfigurationList = C800226929BAE54B000874E3 /* Build configuration list for PBXNativeTarget "MVVM_Weather" */;
			buildPhases = (
				C800224E29BAE54A000874E3 /* Sources */,
				C800224F29BAE54A000874E3 /* Frameworks */,
				C800225029BAE54A000874E3 /* Resources */,
			);
			buildRules = (
			);
			dependencies = (
			);
			name = MVVM_Weather;
			productName = MVVM_Weather;
			productReference = C800225229BAE54A000874E3 /* MVVM_Weather.app */;
			productType = "com.apple.product-type.application";
		};
/* End PBXNativeTarget section */

/* Begin PBXProject section */
		C800224A29BAE54A000874E3 /* Project object */ = {
			isa = PBXProject;
			attributes = {
				BuildIndependentTargetsInParallel = 1;
				LastSwiftUpdateCheck = 1420;
				LastUpgradeCheck = 1420;
				TargetAttributes = {
					C800225129BAE54A000874E3 = {
						CreatedOnToolsVersion = 14.2;
					};
				};
			};
			buildConfigurationList = C800224D29BAE54A000874E3 /* Build configuration list for PBXProject "MVVM_Weather" */;
			compatibilityVersion = "Xcode 14.0";
			developmentRegion = en;
			hasScannedForEncodings = 0;
			knownRegions = (
				en,
				Base,
			);
			mainGroup = C800224929BAE54A000874E3;
			productRefGroup = C800225329BAE54A000874E3 /* Products */;
			projectDirPath = "";
			projectRoot = "";
			targets = (
				C800225129BAE54A000874E3 /* MVVM_Weather */,
			);
		};
/* End PBXProject section */

/* Begin PBXResourcesBuildPhase section */
		C800225029BAE54A000874E3 /* Resources */ = {
			isa = PBXResourcesBuildPhase;
			buildActionMask = 2147483647;
			files = (
				C800226529BAE54B000874E3 /* LaunchScreen.storyboard in Resources */,
				C800226229BAE54B000874E3 /* Assets.xcassets in Resources */,
				C800225D29BAE54A000874E3 /* Main.storyboard in Resources */,
			);
			runOnlyForDeploymentPostprocessing = 0;
		};
/* End PBXResourcesBuildPhase section */

/* Begin PBXSourcesBuildPhase section */
		C800224E29BAE54A000874E3 /* Sources */ = {
			isa = PBXSourcesBuildPhase;
			buildActionMask = 2147483647;
			files = (
				C800227829BAE887000874E3 /* APIManagerType.swift in Sources */,
				C800225A29BAE54A000874E3 /* ViewController.swift in Sources */,
				C800225629BAE54A000874E3 /* AppDelegate.swift in Sources */,
				C800227629BAE826000874E3 /* WeatherDTO.swift in Sources */,
				C800226029BAE54A000874E3 /* MVVM_Weather.xcdatamodeld in Sources */,
				C800227C29BAE89A000874E3 /* WeatherViewController.swift in Sources */,
				C800225829BAE54A000874E3 /* SceneDelegate.swift in Sources */,
				C800227A29BAE88E000874E3 /* APIManager.swift in Sources */,
			);
			runOnlyForDeploymentPostprocessing = 0;
		};
/* End PBXSourcesBuildPhase section */

/* Begin PBXVariantGroup section */
		C800225B29BAE54A000874E3 /* Main.storyboard */ = {
			isa = PBXVariantGroup;
			children = (
				C800225C29BAE54A000874E3 /* Base */,
			);
			name = Main.storyboard;
			sourceTree = "<group>";
		};
		C800226329BAE54B000874E3 /* LaunchScreen.storyboard */ = {
			isa = PBXVariantGroup;
			children = (
				C800226429BAE54B000874E3 /* Base */,
			);
			name = LaunchScreen.storyboard;
			sourceTree = "<group>";
		};
/* End PBXVariantGroup section */

/* Begin XCBuildConfiguration section */
		C800226729BAE54B000874E3 /* Debug */ = {
			isa = XCBuildConfiguration;
			buildSettings = {
				ALWAYS_SEARCH_USER_PATHS = NO;
				CLANG_ANALYZER_NONNULL = YES;
				CLANG_ANALYZER_NUMBER_OBJECT_CONVERSION = YES_AGGRESSIVE;
				CLANG_CXX_LANGUAGE_STANDARD = "gnu++20";
				CLANG_ENABLE_MODULES = YES;
				CLANG_ENABLE_OBJC_ARC = YES;
				CLANG_ENABLE_OBJC_WEAK = YES;
				CLANG_WARN_BLOCK_CAPTURE_AUTORELEASING = YES;
				CLANG_WARN_BOOL_CONVERSION = YES;
				CLANG_WARN_COMMA = YES;
				CLANG_WARN_CONSTANT_CONVERSION = YES;
				CLANG_WARN_DEPRECATED_OBJC_IMPLEMENTATIONS = YES;
				CLANG_WARN_DIRECT_OBJC_ISA_USAGE = YES_ERROR;
				CLANG_WARN_DOCUMENTATION_COMMENTS = YES;
				CLANG_WARN_EMPTY_BODY = YES;
				CLANG_WARN_ENUM_CONVERSION = YES;
				CLANG_WARN_INFINITE_RECURSION = YES;
				CLANG_WARN_INT_CONVERSION = YES;
				CLANG_WARN_NON_LITERAL_NULL_CONVERSION = YES;
				CLANG_WARN_OBJC_IMPLICIT_RETAIN_SELF = YES;
				CLANG_WARN_OBJC_LITERAL_CONVERSION = YES;
				CLANG_WARN_OBJC_ROOT_CLASS = YES_ERROR;
				CLANG_WARN_QUOTED_INCLUDE_IN_FRAMEWORK_HEADER = YES;
				CLANG_WARN_RANGE_LOOP_ANALYSIS = YES;
				CLANG_WARN_STRICT_PROTOTYPES = YES;
				CLANG_WARN_SUSPICIOUS_MOVE = YES;
				CLANG_WARN_UNGUARDED_AVAILABILITY = YES_AGGRESSIVE;
				CLANG_WARN_UNREACHABLE_CODE = YES;
				CLANG_WARN__DUPLICATE_METHOD_MATCH = YES;
				COPY_PHASE_STRIP = NO;
				DEBUG_INFORMATION_FORMAT = dwarf;
				ENABLE_STRICT_OBJC_MSGSEND = YES;
				ENABLE_TESTABILITY = YES;
				GCC_C_LANGUAGE_STANDARD = gnu11;
				GCC_DYNAMIC_NO_PIC = NO;
				GCC_NO_COMMON_BLOCKS = YES;
				GCC_OPTIMIZATION_LEVEL = 0;
				GCC_PREPROCESSOR_DEFINITIONS = (
					"DEBUG=1",
					"$(inherited)",
				);
				GCC_WARN_64_TO_32_BIT_CONVERSION = YES;
				GCC_WARN_ABOUT_RETURN_TYPE = YES_ERROR;
				GCC_WARN_UNDECLARED_SELECTOR = YES;
				GCC_WARN_UNINITIALIZED_AUTOS = YES_AGGRESSIVE;
				GCC_WARN_UNUSED_FUNCTION = YES;
				GCC_WARN_UNUSED_VARIABLE = YES;
				IPHONEOS_DEPLOYMENT_TARGET = 16.2;
				MTL_ENABLE_DEBUG_INFO = INCLUDE_SOURCE;
				MTL_FAST_MATH = YES;
				ONLY_ACTIVE_ARCH = YES;
				SDKROOT = iphoneos;
				SWIFT_ACTIVE_COMPILATION_CONDITIONS = DEBUG;
				SWIFT_OPTIMIZATION_LEVEL = "-Onone";
			};
			name = Debug;
		};
		C800226829BAE54B000874E3 /* Release */ = {
			isa = XCBuildConfiguration;
			buildSettings = {
				ALWAYS_SEARCH_USER_PATHS = NO;
				CLANG_ANALYZER_NONNULL = YES;
				CLANG_ANALYZER_NUMBER_OBJECT_CONVERSION = YES_AGGRESSIVE;
				CLANG_CXX_LANGUAGE_STANDARD = "gnu++20";
				CLANG_ENABLE_MODULES = YES;
				CLANG_ENABLE_OBJC_ARC = YES;
				CLANG_ENABLE_OBJC_WEAK = YES;
				CLANG_WARN_BLOCK_CAPTURE_AUTORELEASING = YES;
				CLANG_WARN_BOOL_CONVERSION = YES;
				CLANG_WARN_COMMA = YES;
				CLANG_WARN_CONSTANT_CONVERSION = YES;
				CLANG_WARN_DEPRECATED_OBJC_IMPLEMENTATIONS = YES;
				CLANG_WARN_DIRECT_OBJC_ISA_USAGE = YES_ERROR;
				CLANG_WARN_DOCUMENTATION_COMMENTS = YES;
				CLANG_WARN_EMPTY_BODY = YES;
				CLANG_WARN_ENUM_CONVERSION = YES;
				CLANG_WARN_INFINITE_RECURSION = YES;
				CLANG_WARN_INT_CONVERSION = YES;
				CLANG_WARN_NON_LITERAL_NULL_CONVERSION = YES;
				CLANG_WARN_OBJC_IMPLICIT_RETAIN_SELF = YES;
				CLANG_WARN_OBJC_LITERAL_CONVERSION = YES;
				CLANG_WARN_OBJC_ROOT_CLASS = YES_ERROR;
				CLANG_WARN_QUOTED_INCLUDE_IN_FRAMEWORK_HEADER = YES;
				CLANG_WARN_RANGE_LOOP_ANALYSIS = YES;
				CLANG_WARN_STRICT_PROTOTYPES = YES;
				CLANG_WARN_SUSPICIOUS_MOVE = YES;
				CLANG_WARN_UNGUARDED_AVAILABILITY = YES_AGGRESSIVE;
				CLANG_WARN_UNREACHABLE_CODE = YES;
				CLANG_WARN__DUPLICATE_METHOD_MATCH = YES;
				COPY_PHASE_STRIP = NO;
				DEBUG_INFORMATION_FORMAT = "dwarf-with-dsym";
				ENABLE_NS_ASSERTIONS = NO;
				ENABLE_STRICT_OBJC_MSGSEND = YES;
				GCC_C_LANGUAGE_STANDARD = gnu11;
				GCC_NO_COMMON_BLOCKS = YES;
				GCC_WARN_64_TO_32_BIT_CONVERSION = YES;
				GCC_WARN_ABOUT_RETURN_TYPE = YES_ERROR;
				GCC_WARN_UNDECLARED_SELECTOR = YES;
				GCC_WARN_UNINITIALIZED_AUTOS = YES_AGGRESSIVE;
				GCC_WARN_UNUSED_FUNCTION = YES;
				GCC_WARN_UNUSED_VARIABLE = YES;
				IPHONEOS_DEPLOYMENT_TARGET = 16.2;
				MTL_ENABLE_DEBUG_INFO = NO;
				MTL_FAST_MATH = YES;
				SDKROOT = iphoneos;
				SWIFT_COMPILATION_MODE = wholemodule;
				SWIFT_OPTIMIZATION_LEVEL = "-O";
				VALIDATE_PRODUCT = YES;
			};
			name = Release;
		};
		C800226A29BAE54B000874E3 /* Debug */ = {
			isa = XCBuildConfiguration;
			buildSettings = {
				ASSETCATALOG_COMPILER_APPICON_NAME = AppIcon;
				ASSETCATALOG_COMPILER_GLOBAL_ACCENT_COLOR_NAME = AccentColor;
				CODE_SIGN_STYLE = Automatic;
				CURRENT_PROJECT_VERSION = 1;
				DEVELOPMENT_TEAM = C52UTF3KCV;
				GENERATE_INFOPLIST_FILE = YES;
				INFOPLIST_FILE = MVVM_Weather/Info.plist;
				INFOPLIST_KEY_UIApplicationSupportsIndirectInputEvents = YES;
				INFOPLIST_KEY_UILaunchStoryboardName = LaunchScreen;
				INFOPLIST_KEY_UIMainStoryboardFile = Main;
				INFOPLIST_KEY_UISupportedInterfaceOrientations_iPad = "UIInterfaceOrientationPortrait UIInterfaceOrientationPortraitUpsideDown UIInterfaceOrientationLandscapeLeft UIInterfaceOrientationLandscapeRight";
				INFOPLIST_KEY_UISupportedInterfaceOrientations_iPhone = "UIInterfaceOrientationPortrait UIInterfaceOrientationLandscapeLeft UIInterfaceOrientationLandscapeRight";
				LD_RUNPATH_SEARCH_PATHS = (
					"$(inherited)",
					"@executable_path/Frameworks",
				);
				MARKETING_VERSION = 1.0;
				PRODUCT_BUNDLE_IDENTIFIER = "com.jessicaKoh.MVVM-Weather";
				PRODUCT_NAME = "$(TARGET_NAME)";
				SWIFT_EMIT_LOC_STRINGS = YES;
				SWIFT_VERSION = 5.0;
				TARGETED_DEVICE_FAMILY = "1,2";
			};
			name = Debug;
		};
		C800226B29BAE54B000874E3 /* Release */ = {
			isa = XCBuildConfiguration;
			buildSettings = {
				ASSETCATALOG_COMPILER_APPICON_NAME = AppIcon;
				ASSETCATALOG_COMPILER_GLOBAL_ACCENT_COLOR_NAME = AccentColor;
				CODE_SIGN_STYLE = Automatic;
				CURRENT_PROJECT_VERSION = 1;
				DEVELOPMENT_TEAM = C52UTF3KCV;
				GENERATE_INFOPLIST_FILE = YES;
				INFOPLIST_FILE = MVVM_Weather/Info.plist;
				INFOPLIST_KEY_UIApplicationSupportsIndirectInputEvents = YES;
				INFOPLIST_KEY_UILaunchStoryboardName = LaunchScreen;
				INFOPLIST_KEY_UIMainStoryboardFile = Main;
				INFOPLIST_KEY_UISupportedInterfaceOrientations_iPad = "UIInterfaceOrientationPortrait UIInterfaceOrientationPortraitUpsideDown UIInterfaceOrientationLandscapeLeft UIInterfaceOrientationLandscapeRight";
				INFOPLIST_KEY_UISupportedInterfaceOrientations_iPhone = "UIInterfaceOrientationPortrait UIInterfaceOrientationLandscapeLeft UIInterfaceOrientationLandscapeRight";
				LD_RUNPATH_SEARCH_PATHS = (
					"$(inherited)",
					"@executable_path/Frameworks",
				);
				MARKETING_VERSION = 1.0;
				PRODUCT_BUNDLE_IDENTIFIER = "com.jessicaKoh.MVVM-Weather";
				PRODUCT_NAME = "$(TARGET_NAME)";
				SWIFT_EMIT_LOC_STRINGS = YES;
				SWIFT_VERSION = 5.0;
				TARGETED_DEVICE_FAMILY = "1,2";
			};
			name = Release;
		};
/* End XCBuildConfiguration section */

/* Begin XCConfigurationList section */
		C800224D29BAE54A000874E3 /* Build configuration list for PBXProject "MVVM_Weather" */ = {
			isa = XCConfigurationList;
			buildConfigurations = (
				C800226729BAE54B000874E3 /* Debug */,
				C800226829BAE54B000874E3 /* Release */,
			);
			defaultConfigurationIsVisible = 0;
			defaultConfigurationName = Release;
		};
		C800226929BAE54B000874E3 /* Build configuration list for PBXNativeTarget "MVVM_Weather" */ = {
			isa = XCConfigurationList;
			buildConfigurations = (
				C800226A29BAE54B000874E3 /* Debug */,
				C800226B29BAE54B000874E3 /* Release */,
			);
			defaultConfigurationIsVisible = 0;
			defaultConfigurationName = Release;
		};
/* End XCConfigurationList section */

/* Begin XCVersionGroup section */
		C800225E29BAE54A000874E3 /* MVVM_Weather.xcdatamodeld */ = {
			isa = XCVersionGroup;
			children = (
				C800225F29BAE54A000874E3 /* MVVM_Weather.xcdatamodel */,
			);
			currentVersion = C800225F29BAE54A000874E3 /* MVVM_Weather.xcdatamodel */;
			path = MVVM_Weather.xcdatamodeld;
			sourceTree = "<group>";
			versionGroupType = wrapper.xcdatamodel;
		};
/* End XCVersionGroup section */
	};
	rootObject = C800224A29BAE54A000874E3 /* Project object */;
}
